// !$*UTF8*$!
{
	archiveVersion = 1;
	classes = {
	};
	objectVersion = 55;
	objects = {

/* Begin PBXBuildFile section */
		09DF90C028C62D3E00F93FEA /* AppDelegate.swift in Sources */ = {isa = PBXBuildFile; fileRef = 09DF90BF28C62D3E00F93FEA /* AppDelegate.swift */; };
		09DF90C228C62D3E00F93FEA /* SceneDelegate.swift in Sources */ = {isa = PBXBuildFile; fileRef = 09DF90C128C62D3E00F93FEA /* SceneDelegate.swift */; };
		09DF90C928C62D3F00F93FEA /* Assets.xcassets in Resources */ = {isa = PBXBuildFile; fileRef = 09DF90C828C62D3F00F93FEA /* Assets.xcassets */; };
		09DF90CC28C62D3F00F93FEA /* LaunchScreen.storyboard in Resources */ = {isa = PBXBuildFile; fileRef = 09DF90CA28C62D3F00F93FEA /* LaunchScreen.storyboard */; };
		09DF90DF28C632EC00F93FEA /* DataTransfer.swift in Sources */ = {isa = PBXBuildFile; fileRef = 09DF90DE28C632EC00F93FEA /* DataTransfer.swift */; };
		09DF90E128C632F400F93FEA /* NetworkService.swift in Sources */ = {isa = PBXBuildFile; fileRef = 09DF90E028C632F400F93FEA /* NetworkService.swift */; };
		09DF90E328C632FB00F93FEA /* Endpoint.swift in Sources */ = {isa = PBXBuildFile; fileRef = 09DF90E228C632FB00F93FEA /* Endpoint.swift */; };
		09DF90E528C6330200F93FEA /* NetworkConfig.swift in Sources */ = {isa = PBXBuildFile; fileRef = 09DF90E428C6330200F93FEA /* NetworkConfig.swift */; };
		09DF90E928C6333400F93FEA /* NewsArticleResponse+Mapping.swift in Sources */ = {isa = PBXBuildFile; fileRef = 09DF90E828C6333400F93FEA /* NewsArticleResponse+Mapping.swift */; };
		09DF90F228C6339600F93FEA /* NewsArticle.swift in Sources */ = {isa = PBXBuildFile; fileRef = 09DF90F128C6339600F93FEA /* NewsArticle.swift */; };
		09DF90F428C6339D00F93FEA /* NewsFeedUseCase.swift in Sources */ = {isa = PBXBuildFile; fileRef = 09DF90F328C6339D00F93FEA /* NewsFeedUseCase.swift */; };
		09DF90F628C633AA00F93FEA /* NewsFeedViewController.swift in Sources */ = {isa = PBXBuildFile; fileRef = 09DF90F528C633AA00F93FEA /* NewsFeedViewController.swift */; };
		09DF90FB28C633BA00F93FEA /* NewsFeedItemViewModel.swift in Sources */ = {isa = PBXBuildFile; fileRef = 09DF90F928C633BA00F93FEA /* NewsFeedItemViewModel.swift */; };
		09DF90FC28C633BA00F93FEA /* NewsFeedViewModel.swift in Sources */ = {isa = PBXBuildFile; fileRef = 09DF90FA28C633BA00F93FEA /* NewsFeedViewModel.swift */; };
		09DF90FF28C633F600F93FEA /* Observable.swift in Sources */ = {isa = PBXBuildFile; fileRef = 09DF90FE28C633F600F93FEA /* Observable.swift */; };
/* End PBXBuildFile section */

/* Begin PBXFileReference section */
		09DF90BC28C62D3E00F93FEA /* AppleNews.app */ = {isa = PBXFileReference; explicitFileType = wrapper.application; includeInIndex = 0; path = AppleNews.app; sourceTree = BUILT_PRODUCTS_DIR; };
		09DF90BF28C62D3E00F93FEA /* AppDelegate.swift */ = {isa = PBXFileReference; lastKnownFileType = sourcecode.swift; path = AppDelegate.swift; sourceTree = "<group>"; };
		09DF90C128C62D3E00F93FEA /* SceneDelegate.swift */ = {isa = PBXFileReference; lastKnownFileType = sourcecode.swift; path = SceneDelegate.swift; sourceTree = "<group>"; };
		09DF90C828C62D3F00F93FEA /* Assets.xcassets */ = {isa = PBXFileReference; lastKnownFileType = folder.assetcatalog; path = Assets.xcassets; sourceTree = "<group>"; };
		09DF90CB28C62D3F00F93FEA /* Base */ = {isa = PBXFileReference; lastKnownFileType = file.storyboard; name = Base; path = Base.lproj/LaunchScreen.storyboard; sourceTree = "<group>"; };
		09DF90CD28C62D3F00F93FEA /* Info.plist */ = {isa = PBXFileReference; lastKnownFileType = text.plist.xml; path = Info.plist; sourceTree = "<group>"; };
		09DF90DE28C632EC00F93FEA /* DataTransfer.swift */ = {isa = PBXFileReference; fileEncoding = 4; lastKnownFileType = sourcecode.swift; path = DataTransfer.swift; sourceTree = "<group>"; };
		09DF90E028C632F400F93FEA /* NetworkService.swift */ = {isa = PBXFileReference; fileEncoding = 4; lastKnownFileType = sourcecode.swift; path = NetworkService.swift; sourceTree = "<group>"; };
		09DF90E228C632FB00F93FEA /* Endpoint.swift */ = {isa = PBXFileReference; fileEncoding = 4; lastKnownFileType = sourcecode.swift; path = Endpoint.swift; sourceTree = "<group>"; };
		09DF90E428C6330200F93FEA /* NetworkConfig.swift */ = {isa = PBXFileReference; fileEncoding = 4; lastKnownFileType = sourcecode.swift; path = NetworkConfig.swift; sourceTree = "<group>"; };
		09DF90E828C6333400F93FEA /* NewsArticleResponse+Mapping.swift */ = {isa = PBXFileReference; fileEncoding = 4; lastKnownFileType = sourcecode.swift; path = "NewsArticleResponse+Mapping.swift"; sourceTree = "<group>"; };
		09DF90F128C6339600F93FEA /* NewsArticle.swift */ = {isa = PBXFileReference; fileEncoding = 4; lastKnownFileType = sourcecode.swift; path = NewsArticle.swift; sourceTree = "<group>"; };
		09DF90F328C6339D00F93FEA /* NewsFeedUseCase.swift */ = {isa = PBXFileReference; fileEncoding = 4; lastKnownFileType = sourcecode.swift; path = NewsFeedUseCase.swift; sourceTree = "<group>"; };
		09DF90F528C633AA00F93FEA /* NewsFeedViewController.swift */ = {isa = PBXFileReference; fileEncoding = 4; lastKnownFileType = sourcecode.swift; path = NewsFeedViewController.swift; sourceTree = "<group>"; };
		09DF90F928C633BA00F93FEA /* NewsFeedItemViewModel.swift */ = {isa = PBXFileReference; fileEncoding = 4; lastKnownFileType = sourcecode.swift; path = NewsFeedItemViewModel.swift; sourceTree = "<group>"; };
		09DF90FA28C633BA00F93FEA /* NewsFeedViewModel.swift */ = {isa = PBXFileReference; fileEncoding = 4; lastKnownFileType = sourcecode.swift; path = NewsFeedViewModel.swift; sourceTree = "<group>"; };
		09DF90FE28C633F600F93FEA /* Observable.swift */ = {isa = PBXFileReference; fileEncoding = 4; lastKnownFileType = sourcecode.swift; path = Observable.swift; sourceTree = "<group>"; };
/* End PBXFileReference section */

/* Begin PBXFrameworksBuildPhase section */
		09DF90B928C62D3E00F93FEA /* Frameworks */ = {
			isa = PBXFrameworksBuildPhase;
			buildActionMask = 2147483647;
			files = (
			);
			runOnlyForDeploymentPostprocessing = 0;
		};
/* End PBXFrameworksBuildPhase section */

/* Begin PBXGroup section */
		09DF90B328C62D3E00F93FEA = {
			isa = PBXGroup;
			children = (
				09DF90BE28C62D3E00F93FEA /* AppleNews */,
				09DF90BD28C62D3E00F93FEA /* Products */,
			);
			sourceTree = "<group>";
		};
		09DF90BD28C62D3E00F93FEA /* Products */ = {
			isa = PBXGroup;
			children = (
				09DF90BC28C62D3E00F93FEA /* AppleNews.app */,
			);
			name = Products;
			sourceTree = "<group>";
		};
		09DF90BE28C62D3E00F93FEA /* AppleNews */ = {
			isa = PBXGroup;
			children = (
				09DF90D728C6323200F93FEA /* Application */,
				09DF90D928C6326200F93FEA /* Presentation */,
				09DF90DB28C6328600F93FEA /* Domain */,
				09DF90DA28C6327F00F93FEA /* Data */,
				09DF90DC28C632A000F93FEA /* Infrastructure */,
				09DF90D828C6324700F93FEA /* Resources */,
				09DF90CD28C62D3F00F93FEA /* Info.plist */,
			);
			path = AppleNews;
			sourceTree = "<group>";
		};
		09DF90D728C6323200F93FEA /* Application */ = {
			isa = PBXGroup;
			children = (
				09DF90BF28C62D3E00F93FEA /* AppDelegate.swift */,
				09DF90C128C62D3E00F93FEA /* SceneDelegate.swift */,
			);
			path = Application;
			sourceTree = "<group>";
		};
		09DF90D828C6324700F93FEA /* Resources */ = {
			isa = PBXGroup;
			children = (
				09DF90C828C62D3F00F93FEA /* Assets.xcassets */,
				09DF90CA28C62D3F00F93FEA /* LaunchScreen.storyboard */,
			);
			path = Resources;
			sourceTree = "<group>";
		};
		09DF90D928C6326200F93FEA /* Presentation */ = {
			isa = PBXGroup;
			children = (
				09DF90FD28C633EC00F93FEA /* Utils */,
				09DF90EF28C6336100F93FEA /* NewsScene */,
			);
			path = Presentation;
			sourceTree = "<group>";
		};
		09DF90DA28C6327F00F93FEA /* Data */ = {
			isa = PBXGroup;
			children = (
				09DF90E728C6332400F93FEA /* Repositories */,
				09DF90E628C6331700F93FEA /* DataMapping */,
			);
			path = Data;
			sourceTree = "<group>";
		};
		09DF90DB28C6328600F93FEA /* Domain */ = {
			isa = PBXGroup;
			children = (
				09DF90EC28C6334A00F93FEA /* Interfaces */,
				09DF90EB28C6334300F93FEA /* UseCases */,
				09DF90EA28C6333C00F93FEA /* Entities */,
			);
			path = Domain;
			sourceTree = "<group>";
		};
		09DF90DC28C632A000F93FEA /* Infrastructure */ = {
			isa = PBXGroup;
			children = (
				09DF90DD28C632E100F93FEA /* Network */,
			);
			path = Infrastructure;
			sourceTree = "<group>";
		};
		09DF90DD28C632E100F93FEA /* Network */ = {
			isa = PBXGroup;
			children = (
				09DF90DE28C632EC00F93FEA /* DataTransfer.swift */,
				09DF90E028C632F400F93FEA /* NetworkService.swift */,
				09DF90E228C632FB00F93FEA /* Endpoint.swift */,
				09DF90E428C6330200F93FEA /* NetworkConfig.swift */,
			);
			path = Network;
			sourceTree = "<group>";
		};
		09DF90E628C6331700F93FEA /* DataMapping */ = {
			isa = PBXGroup;
			children = (
				09DF90E828C6333400F93FEA /* NewsArticleResponse+Mapping.swift */,
			);
			path = DataMapping;
			sourceTree = "<group>";
		};
		09DF90E728C6332400F93FEA /* Repositories */ = {
			isa = PBXGroup;
			children = (
			);
			path = Repositories;
			sourceTree = "<group>";
		};
		09DF90EA28C6333C00F93FEA /* Entities */ = {
			isa = PBXGroup;
			children = (
				09DF90F128C6339600F93FEA /* NewsArticle.swift */,
			);
			path = Entities;
			sourceTree = "<group>";
		};
		09DF90EB28C6334300F93FEA /* UseCases */ = {
			isa = PBXGroup;
			children = (
				09DF90F328C6339D00F93FEA /* NewsFeedUseCase.swift */,
			);
			path = UseCases;
			sourceTree = "<group>";
		};
		09DF90EC28C6334A00F93FEA /* Interfaces */ = {
			isa = PBXGroup;
			children = (
			);
			path = Interfaces;
			sourceTree = "<group>";
		};
		09DF90EF28C6336100F93FEA /* NewsScene */ = {
			isa = PBXGroup;
			children = (
				09DF90F528C633AA00F93FEA /* NewsFeedViewController.swift */,
				09DF90F028C6337500F93FEA /* ViewModel */,
			);
			path = NewsScene;
			sourceTree = "<group>";
		};
		09DF90F028C6337500F93FEA /* ViewModel */ = {
			isa = PBXGroup;
			children = (
				09DF90F928C633BA00F93FEA /* NewsFeedItemViewModel.swift */,
				09DF90FA28C633BA00F93FEA /* NewsFeedViewModel.swift */,
			);
			path = ViewModel;
			sourceTree = "<group>";
		};
		09DF90FD28C633EC00F93FEA /* Utils */ = {
			isa = PBXGroup;
			children = (
				09DF90FE28C633F600F93FEA /* Observable.swift */,
			);
			path = Utils;
			sourceTree = "<group>";
		};
/* End PBXGroup section */

/* Begin PBXNativeTarget section */
		09DF90BB28C62D3E00F93FEA /* AppleNews */ = {
			isa = PBXNativeTarget;
			buildConfigurationList = 09DF90D028C62D3F00F93FEA /* Build configuration list for PBXNativeTarget "AppleNews" */;
			buildPhases = (
				09DF90B828C62D3E00F93FEA /* Sources */,
				09DF90B928C62D3E00F93FEA /* Frameworks */,
				09DF90BA28C62D3E00F93FEA /* Resources */,
			);
			buildRules = (
			);
			dependencies = (
			);
			name = AppleNews;
			productName = AppleNews;
			productReference = 09DF90BC28C62D3E00F93FEA /* AppleNews.app */;
			productType = "com.apple.product-type.application";
		};
/* End PBXNativeTarget section */

/* Begin PBXProject section */
		09DF90B428C62D3E00F93FEA /* Project object */ = {
			isa = PBXProject;
			attributes = {
				BuildIndependentTargetsInParallel = 1;
				LastSwiftUpdateCheck = 1330;
				LastUpgradeCheck = 1330;
				TargetAttributes = {
					09DF90BB28C62D3E00F93FEA = {
						CreatedOnToolsVersion = 13.3;
					};
				};
			};
			buildConfigurationList = 09DF90B728C62D3E00F93FEA /* Build configuration list for PBXProject "AppleNews" */;
			compatibilityVersion = "Xcode 13.0";
			developmentRegion = en;
			hasScannedForEncodings = 0;
			knownRegions = (
				en,
				Base,
			);
			mainGroup = 09DF90B328C62D3E00F93FEA;
			productRefGroup = 09DF90BD28C62D3E00F93FEA /* Products */;
			projectDirPath = "";
			projectRoot = "";
			targets = (
				09DF90BB28C62D3E00F93FEA /* AppleNews */,
			);
		};
/* End PBXProject section */

/* Begin PBXResourcesBuildPhase section */
		09DF90BA28C62D3E00F93FEA /* Resources */ = {
			isa = PBXResourcesBuildPhase;
			buildActionMask = 2147483647;
			files = (
				09DF90CC28C62D3F00F93FEA /* LaunchScreen.storyboard in Resources */,
				09DF90C928C62D3F00F93FEA /* Assets.xcassets in Resources */,
			);
			runOnlyForDeploymentPostprocessing = 0;
		};
/* End PBXResourcesBuildPhase section */

/* Begin PBXSourcesBuildPhase section */
		09DF90B828C62D3E00F93FEA /* Sources */ = {
			isa = PBXSourcesBuildPhase;
			buildActionMask = 2147483647;
			files = (
				09DF90E528C6330200F93FEA /* NetworkConfig.swift in Sources */,
				09DF90E928C6333400F93FEA /* NewsArticleResponse+Mapping.swift in Sources */,
				09DF90FC28C633BA00F93FEA /* NewsFeedViewModel.swift in Sources */,
				09DF90F428C6339D00F93FEA /* NewsFeedUseCase.swift in Sources */,
				09DF90E128C632F400F93FEA /* NetworkService.swift in Sources */,
				09DF90DF28C632EC00F93FEA /* DataTransfer.swift in Sources */,
				09DF90F228C6339600F93FEA /* NewsArticle.swift in Sources */,
				09DF90F628C633AA00F93FEA /* NewsFeedViewController.swift in Sources */,
				09DF90C028C62D3E00F93FEA /* AppDelegate.swift in Sources */,
				09DF90FF28C633F600F93FEA /* Observable.swift in Sources */,
				09DF90E328C632FB00F93FEA /* Endpoint.swift in Sources */,
				09DF90FB28C633BA00F93FEA /* NewsFeedItemViewModel.swift in Sources */,
				09DF90C228C62D3E00F93FEA /* SceneDelegate.swift in Sources */,
			);
			runOnlyForDeploymentPostprocessing = 0;
		};
/* End PBXSourcesBuildPhase section */

/* Begin PBXVariantGroup section */
		09DF90CA28C62D3F00F93FEA /* LaunchScreen.storyboard */ = {
			isa = PBXVariantGroup;
			children = (
				09DF90CB28C62D3F00F93FEA /* Base */,
			);
			name = LaunchScreen.storyboard;
			sourceTree = "<group>";
		};
/* End PBXVariantGroup section */

/* Begin XCBuildConfiguration section */
		09DF90CE28C62D3F00F93FEA /* Debug */ = {
			isa = XCBuildConfiguration;
			buildSettings = {
				ALWAYS_SEARCH_USER_PATHS = NO;
				CLANG_ANALYZER_NONNULL = YES;
				CLANG_ANALYZER_NUMBER_OBJECT_CONVERSION = YES_AGGRESSIVE;
				CLANG_CXX_LANGUAGE_STANDARD = "gnu++17";
				CLANG_ENABLE_MODULES = YES;
				CLANG_ENABLE_OBJC_ARC = YES;
				CLANG_ENABLE_OBJC_WEAK = YES;
				CLANG_WARN_BLOCK_CAPTURE_AUTORELEASING = YES;
				CLANG_WARN_BOOL_CONVERSION = YES;
				CLANG_WARN_COMMA = YES;
				CLANG_WARN_CONSTANT_CONVERSION = YES;
				CLANG_WARN_DEPRECATED_OBJC_IMPLEMENTATIONS = YES;
				CLANG_WARN_DIRECT_OBJC_ISA_USAGE = YES_ERROR;
				CLANG_WARN_DOCUMENTATION_COMMENTS = YES;
				CLANG_WARN_EMPTY_BODY = YES;
				CLANG_WARN_ENUM_CONVERSION = YES;
				CLANG_WARN_INFINITE_RECURSION = YES;
				CLANG_WARN_INT_CONVERSION = YES;
				CLANG_WARN_NON_LITERAL_NULL_CONVERSION = YES;
				CLANG_WARN_OBJC_IMPLICIT_RETAIN_SELF = YES;
				CLANG_WARN_OBJC_LITERAL_CONVERSION = YES;
				CLANG_WARN_OBJC_ROOT_CLASS = YES_ERROR;
				CLANG_WARN_QUOTED_INCLUDE_IN_FRAMEWORK_HEADER = YES;
				CLANG_WARN_RANGE_LOOP_ANALYSIS = YES;
				CLANG_WARN_STRICT_PROTOTYPES = YES;
				CLANG_WARN_SUSPICIOUS_MOVE = YES;
				CLANG_WARN_UNGUARDED_AVAILABILITY = YES_AGGRESSIVE;
				CLANG_WARN_UNREACHABLE_CODE = YES;
				CLANG_WARN__DUPLICATE_METHOD_MATCH = YES;
				COPY_PHASE_STRIP = NO;
				DEBUG_INFORMATION_FORMAT = dwarf;
				ENABLE_STRICT_OBJC_MSGSEND = YES;
				ENABLE_TESTABILITY = YES;
				GCC_C_LANGUAGE_STANDARD = gnu11;
				GCC_DYNAMIC_NO_PIC = NO;
				GCC_NO_COMMON_BLOCKS = YES;
				GCC_OPTIMIZATION_LEVEL = 0;
				GCC_PREPROCESSOR_DEFINITIONS = (
					"DEBUG=1",
					"$(inherited)",
				);
				GCC_WARN_64_TO_32_BIT_CONVERSION = YES;
				GCC_WARN_ABOUT_RETURN_TYPE = YES_ERROR;
				GCC_WARN_UNDECLARED_SELECTOR = YES;
				GCC_WARN_UNINITIALIZED_AUTOS = YES_AGGRESSIVE;
				GCC_WARN_UNUSED_FUNCTION = YES;
				GCC_WARN_UNUSED_VARIABLE = YES;
				IPHONEOS_DEPLOYMENT_TARGET = 15.4;
				MTL_ENABLE_DEBUG_INFO = INCLUDE_SOURCE;
				MTL_FAST_MATH = YES;
				ONLY_ACTIVE_ARCH = YES;
				SDKROOT = iphoneos;
				SWIFT_ACTIVE_COMPILATION_CONDITIONS = DEBUG;
				SWIFT_OPTIMIZATION_LEVEL = "-Onone";
			};
			name = Debug;
		};
		09DF90CF28C62D3F00F93FEA /* Release */ = {
			isa = XCBuildConfiguration;
			buildSettings = {
				ALWAYS_SEARCH_USER_PATHS = NO;
				CLANG_ANALYZER_NONNULL = YES;
				CLANG_ANALYZER_NUMBER_OBJECT_CONVERSION = YES_AGGRESSIVE;
				CLANG_CXX_LANGUAGE_STANDARD = "gnu++17";
				CLANG_ENABLE_MODULES = YES;
				CLANG_ENABLE_OBJC_ARC = YES;
				CLANG_ENABLE_OBJC_WEAK = YES;
				CLANG_WARN_BLOCK_CAPTURE_AUTORELEASING = YES;
				CLANG_WARN_BOOL_CONVERSION = YES;
				CLANG_WARN_COMMA = YES;
				CLANG_WARN_CONSTANT_CONVERSION = YES;
				CLANG_WARN_DEPRECATED_OBJC_IMPLEMENTATIONS = YES;
				CLANG_WARN_DIRECT_OBJC_ISA_USAGE = YES_ERROR;
				CLANG_WARN_DOCUMENTATION_COMMENTS = YES;
				CLANG_WARN_EMPTY_BODY = YES;
				CLANG_WARN_ENUM_CONVERSION = YES;
				CLANG_WARN_INFINITE_RECURSION = YES;
				CLANG_WARN_INT_CONVERSION = YES;
				CLANG_WARN_NON_LITERAL_NULL_CONVERSION = YES;
				CLANG_WARN_OBJC_IMPLICIT_RETAIN_SELF = YES;
				CLANG_WARN_OBJC_LITERAL_CONVERSION = YES;
				CLANG_WARN_OBJC_ROOT_CLASS = YES_ERROR;
				CLANG_WARN_QUOTED_INCLUDE_IN_FRAMEWORK_HEADER = YES;
				CLANG_WARN_RANGE_LOOP_ANALYSIS = YES;
				CLANG_WARN_STRICT_PROTOTYPES = YES;
				CLANG_WARN_SUSPICIOUS_MOVE = YES;
				CLANG_WARN_UNGUARDED_AVAILABILITY = YES_AGGRESSIVE;
				CLANG_WARN_UNREACHABLE_CODE = YES;
				CLANG_WARN__DUPLICATE_METHOD_MATCH = YES;
				COPY_PHASE_STRIP = NO;
				DEBUG_INFORMATION_FORMAT = "dwarf-with-dsym";
				ENABLE_NS_ASSERTIONS = NO;
				ENABLE_STRICT_OBJC_MSGSEND = YES;
				GCC_C_LANGUAGE_STANDARD = gnu11;
				GCC_NO_COMMON_BLOCKS = YES;
				GCC_WARN_64_TO_32_BIT_CONVERSION = YES;
				GCC_WARN_ABOUT_RETURN_TYPE = YES_ERROR;
				GCC_WARN_UNDECLARED_SELECTOR = YES;
				GCC_WARN_UNINITIALIZED_AUTOS = YES_AGGRESSIVE;
				GCC_WARN_UNUSED_FUNCTION = YES;
				GCC_WARN_UNUSED_VARIABLE = YES;
				IPHONEOS_DEPLOYMENT_TARGET = 15.4;
				MTL_ENABLE_DEBUG_INFO = NO;
				MTL_FAST_MATH = YES;
				SDKROOT = iphoneos;
				SWIFT_COMPILATION_MODE = wholemodule;
				SWIFT_OPTIMIZATION_LEVEL = "-O";
				VALIDATE_PRODUCT = YES;
			};
			name = Release;
		};
		09DF90D128C62D3F00F93FEA /* Debug */ = {
			isa = XCBuildConfiguration;
			buildSettings = {
				ASSETCATALOG_COMPILER_APPICON_NAME = AppIcon;
				ASSETCATALOG_COMPILER_GLOBAL_ACCENT_COLOR_NAME = AccentColor;
				CODE_SIGN_STYLE = Automatic;
				CURRENT_PROJECT_VERSION = 1;
				DEVELOPMENT_TEAM = XZ3GM4S56F;
				GENERATE_INFOPLIST_FILE = YES;
				INFOPLIST_FILE = AppleNews/Info.plist;
				INFOPLIST_KEY_UIApplicationSupportsIndirectInputEvents = YES;
				INFOPLIST_KEY_UILaunchStoryboardName = LaunchScreen;
				INFOPLIST_KEY_UISupportedInterfaceOrientations_iPad = "UIInterfaceOrientationPortrait UIInterfaceOrientationPortraitUpsideDown UIInterfaceOrientationLandscapeLeft UIInterfaceOrientationLandscapeRight";
				INFOPLIST_KEY_UISupportedInterfaceOrientations_iPhone = "UIInterfaceOrientationPortrait UIInterfaceOrientationLandscapeLeft UIInterfaceOrientationLandscapeRight";
				LD_RUNPATH_SEARCH_PATHS = (
					"$(inherited)",
					"@executable_path/Frameworks",
				);
				MARKETING_VERSION = 1.0;
				PRODUCT_BUNDLE_IDENTIFIER = shotikoKlibadze.AppleNews;
				PRODUCT_NAME = "$(TARGET_NAME)";
				SWIFT_EMIT_LOC_STRINGS = YES;
				SWIFT_VERSION = 5.0;
				TARGETED_DEVICE_FAMILY = "1,2";
			};
			name = Debug;
		};
		09DF90D228C62D3F00F93FEA /* Release */ = {
			isa = XCBuildConfiguration;
			buildSettings = {
				ASSETCATALOG_COMPILER_APPICON_NAME = AppIcon;
				ASSETCATALOG_COMPILER_GLOBAL_ACCENT_COLOR_NAME = AccentColor;
				CODE_SIGN_STYLE = Automatic;
				CURRENT_PROJECT_VERSION = 1;
				DEVELOPMENT_TEAM = XZ3GM4S56F;
				GENERATE_INFOPLIST_FILE = YES;
				INFOPLIST_FILE = AppleNews/Info.plist;
				INFOPLIST_KEY_UIApplicationSupportsIndirectInputEvents = YES;
				INFOPLIST_KEY_UILaunchStoryboardName = LaunchScreen;
				INFOPLIST_KEY_UISupportedInterfaceOrientations_iPad = "UIInterfaceOrientationPortrait UIInterfaceOrientationPortraitUpsideDown UIInterfaceOrientationLandscapeLeft UIInterfaceOrientationLandscapeRight";
				INFOPLIST_KEY_UISupportedInterfaceOrientations_iPhone = "UIInterfaceOrientationPortrait UIInterfaceOrientationLandscapeLeft UIInterfaceOrientationLandscapeRight";
				LD_RUNPATH_SEARCH_PATHS = (
					"$(inherited)",
					"@executable_path/Frameworks",
				);
				MARKETING_VERSION = 1.0;
				PRODUCT_BUNDLE_IDENTIFIER = shotikoKlibadze.AppleNews;
				PRODUCT_NAME = "$(TARGET_NAME)";
				SWIFT_EMIT_LOC_STRINGS = YES;
				SWIFT_VERSION = 5.0;
				TARGETED_DEVICE_FAMILY = "1,2";
			};
			name = Release;
		};
/* End XCBuildConfiguration section */

/* Begin XCConfigurationList section */
		09DF90B728C62D3E00F93FEA /* Build configuration list for PBXProject "AppleNews" */ = {
			isa = XCConfigurationList;
			buildConfigurations = (
				09DF90CE28C62D3F00F93FEA /* Debug */,
				09DF90CF28C62D3F00F93FEA /* Release */,
			);
			defaultConfigurationIsVisible = 0;
			defaultConfigurationName = Release;
		};
		09DF90D028C62D3F00F93FEA /* Build configuration list for PBXNativeTarget "AppleNews" */ = {
			isa = XCConfigurationList;
			buildConfigurations = (
				09DF90D128C62D3F00F93FEA /* Debug */,
				09DF90D228C62D3F00F93FEA /* Release */,
			);
			defaultConfigurationIsVisible = 0;
			defaultConfigurationName = Release;
		};
/* End XCConfigurationList section */
	};
	rootObject = 09DF90B428C62D3E00F93FEA /* Project object */;
}
